// !$*UTF8*$!
{
	archiveVersion = 1;
	classes = {
	};
	objectVersion = 50;
	objects = {

/* Begin PBXBuildFile section */
		C87630B021DEEA4F00086550 /* main.cpp in Sources */ = {isa = PBXBuildFile; fileRef = C87630AF21DEEA4F00086550 /* main.cpp */; };
		C87630BA21DF531700086550 /* methods.cpp in Sources */ = {isa = PBXBuildFile; fileRef = C87630B821DF531700086550 /* methods.cpp */; };
		C87630BD21DF59C000086550 /* GLUT.framework in Frameworks */ = {isa = PBXBuildFile; fileRef = C87630BC21DF59C000086550 /* GLUT.framework */; };
		C87630BF21DF59C600086550 /* OpenGL.framework in Frameworks */ = {isa = PBXBuildFile; fileRef = C87630BE21DF59C600086550 /* OpenGL.framework */; };
		C87630C221E074E200086550 /* sphere_generator.cpp in Sources */ = {isa = PBXBuildFile; fileRef = C87630C021E074E200086550 /* sphere_generator.cpp */; };
		C87630C521E10D7100086550 /* rasterization.cpp in Sources */ = {isa = PBXBuildFile; fileRef = C87630C321E10D7100086550 /* rasterization.cpp */; };
/* End PBXBuildFile section */

/* Begin PBXCopyFilesBuildPhase section */
		C87630AA21DEEA4F00086550 /* CopyFiles */ = {
			isa = PBXCopyFilesBuildPhase;
			buildActionMask = 2147483647;
			dstPath = /usr/share/man/man1/;
			dstSubfolderSpec = 0;
			files = (
			);
			runOnlyForDeploymentPostprocessing = 1;
		};
/* End PBXCopyFilesBuildPhase section */

/* Begin PBXFileReference section */
		C87630AC21DEEA4F00086550 /* A2 */ = {isa = PBXFileReference; explicitFileType = "compiled.mach-o.executable"; includeInIndex = 0; path = A2; sourceTree = BUILT_PRODUCTS_DIR; };
		C87630AF21DEEA4F00086550 /* main.cpp */ = {isa = PBXFileReference; lastKnownFileType = sourcecode.cpp.cpp; path = main.cpp; sourceTree = "<group>"; };
		C87630B821DF531700086550 /* methods.cpp */ = {isa = PBXFileReference; lastKnownFileType = sourcecode.cpp.cpp; path = methods.cpp; sourceTree = "<group>"; };
		C87630B921DF531700086550 /* methods.hpp */ = {isa = PBXFileReference; lastKnownFileType = sourcecode.cpp.h; path = methods.hpp; sourceTree = "<group>"; };
		C87630BC21DF59C000086550 /* GLUT.framework */ = {isa = PBXFileReference; lastKnownFileType = wrapper.framework; name = GLUT.framework; path = System/Library/Frameworks/GLUT.framework; sourceTree = SDKROOT; };
		C87630BE21DF59C600086550 /* OpenGL.framework */ = {isa = PBXFileReference; lastKnownFileType = wrapper.framework; name = OpenGL.framework; path = System/Library/Frameworks/OpenGL.framework; sourceTree = SDKROOT; };
		C87630C021E074E200086550 /* sphere_generator.cpp */ = {isa = PBXFileReference; lastKnownFileType = sourcecode.cpp.cpp; path = sphere_generator.cpp; sourceTree = "<group>"; };
		C87630C121E074E200086550 /* sphere_generator.hpp */ = {isa = PBXFileReference; lastKnownFileType = sourcecode.cpp.h; path = sphere_generator.hpp; sourceTree = "<group>"; };
		C87630C321E10D7100086550 /* rasterization.cpp */ = {isa = PBXFileReference; lastKnownFileType = sourcecode.cpp.cpp; path = rasterization.cpp; sourceTree = "<group>"; };
		C87630C421E10D7100086550 /* rasterization.hpp */ = {isa = PBXFileReference; lastKnownFileType = sourcecode.cpp.h; path = rasterization.hpp; sourceTree = "<group>"; };
/* End PBXFileReference section */

/* Begin PBXFrameworksBuildPhase section */
		C87630A921DEEA4F00086550 /* Frameworks */ = {
			isa = PBXFrameworksBuildPhase;
			buildActionMask = 2147483647;
			files = (
				C87630BF21DF59C600086550 /* OpenGL.framework in Frameworks */,
				C87630BD21DF59C000086550 /* GLUT.framework in Frameworks */,
			);
			runOnlyForDeploymentPostprocessing = 0;
		};
/* End PBXFrameworksBuildPhase section */

/* Begin PBXGroup section */
		C87630A321DEEA4F00086550 = {
			isa = PBXGroup;
			children = (
				C87630AE21DEEA4F00086550 /* A2 */,
				C87630AD21DEEA4F00086550 /* Products */,
				C87630BB21DF59C000086550 /* Frameworks */,
			);
			sourceTree = "<group>";
		};
		C87630AD21DEEA4F00086550 /* Products */ = {
			isa = PBXGroup;
			children = (
				C87630AC21DEEA4F00086550 /* A2 */,
			);
			name = Products;
			sourceTree = "<group>";
		};
		C87630AE21DEEA4F00086550 /* A2 */ = {
			isa = PBXGroup;
			children = (
				C87630AF21DEEA4F00086550 /* main.cpp */,
				C87630B821DF531700086550 /* methods.cpp */,
				C87630B921DF531700086550 /* methods.hpp */,
				C87630C021E074E200086550 /* sphere_generator.cpp */,
				C87630C121E074E200086550 /* sphere_generator.hpp */,
				C87630C321E10D7100086550 /* rasterization.cpp */,
				C87630C421E10D7100086550 /* rasterization.hpp */,
			);
			path = A2;
			sourceTree = "<group>";
		};
		C87630BB21DF59C000086550 /* Frameworks */ = {
			isa = PBXGroup;
			children = (
				C87630BE21DF59C600086550 /* OpenGL.framework */,
				C87630BC21DF59C000086550 /* GLUT.framework */,
			);
			name = Frameworks;
			sourceTree = "<group>";
		};
/* End PBXGroup section */

/* Begin PBXNativeTarget section */
		C87630AB21DEEA4F00086550 /* A2 */ = {
			isa = PBXNativeTarget;
			buildConfigurationList = C87630B321DEEA4F00086550 /* Build configuration list for PBXNativeTarget "A2" */;
			buildPhases = (
				C87630A821DEEA4F00086550 /* Sources */,
				C87630A921DEEA4F00086550 /* Frameworks */,
				C87630AA21DEEA4F00086550 /* CopyFiles */,
			);
			buildRules = (
			);
			dependencies = (
			);
			name = A2;
			productName = A2;
			productReference = C87630AC21DEEA4F00086550 /* A2 */;
			productType = "com.apple.product-type.tool";
		};
/* End PBXNativeTarget section */

/* Begin PBXProject section */
		C87630A421DEEA4F00086550 /* Project object */ = {
			isa = PBXProject;
			attributes = {
				LastUpgradeCheck = 1010;
				ORGANIZATIONNAME = "金启林";
				TargetAttributes = {
					C87630AB21DEEA4F00086550 = {
						CreatedOnToolsVersion = 10.1;
					};
				};
			};
			buildConfigurationList = C87630A721DEEA4F00086550 /* Build configuration list for PBXProject "A2" */;
			compatibilityVersion = "Xcode 9.3";
			developmentRegion = en;
			hasScannedForEncodings = 0;
			knownRegions = (
				en,
			);
			mainGroup = C87630A321DEEA4F00086550;
			productRefGroup = C87630AD21DEEA4F00086550 /* Products */;
			projectDirPath = "";
			projectRoot = "";
			targets = (
				C87630AB21DEEA4F00086550 /* A2 */,
			);
		};
/* End PBXProject section */

/* Begin PBXSourcesBuildPhase section */
		C87630A821DEEA4F00086550 /* Sources */ = {
			isa = PBXSourcesBuildPhase;
			buildActionMask = 2147483647;
			files = (
				C87630BA21DF531700086550 /* methods.cpp in Sources */,
				C87630C521E10D7100086550 /* rasterization.cpp in Sources */,
				C87630B021DEEA4F00086550 /* main.cpp in Sources */,
				C87630C221E074E200086550 /* sphere_generator.cpp in Sources */,
			);
			runOnlyForDeploymentPostprocessing = 0;
		};
/* End PBXSourcesBuildPhase section */

/* Begin XCBuildConfiguration section */
		C87630B121DEEA4F00086550 /* Debug */ = {
			isa = XCBuildConfiguration;
			buildSettings = {
				ALWAYS_SEARCH_USER_PATHS = NO;
				CLANG_ANALYZER_NONNULL = YES;
				CLANG_ANALYZER_NUMBER_OBJECT_CONVERSION = YES_AGGRESSIVE;
				CLANG_CXX_LANGUAGE_STANDARD = "gnu++14";
				CLANG_CXX_LIBRARY = "libc++";
				CLANG_ENABLE_MODULES = YES;
				CLANG_ENABLE_OBJC_ARC = YES;
				CLANG_ENABLE_OBJC_WEAK = YES;
				CLANG_WARN_BLOCK_CAPTURE_AUTORELEASING = YES;
				CLANG_WARN_BOOL_CONVERSION = YES;
				CLANG_WARN_COMMA = YES;
				CLANG_WARN_CONSTANT_CONVERSION = YES;
				CLANG_WARN_DEPRECATED_OBJC_IMPLEMENTATIONS = YES;
				CLANG_WARN_DIRECT_OBJC_ISA_USAGE = YES_ERROR;
				CLANG_WARN_DOCUMENTATION_COMMENTS = YES;
				CLANG_WARN_EMPTY_BODY = YES;
				CLANG_WARN_ENUM_CONVERSION = YES;
				CLANG_WARN_INFINITE_RECURSION = YES;
				CLANG_WARN_INT_CONVERSION = YES;
				CLANG_WARN_NON_LITERAL_NULL_CONVERSION = YES;
				CLANG_WARN_OBJC_IMPLICIT_RETAIN_SELF = YES;
				CLANG_WARN_OBJC_LITERAL_CONVERSION = YES;
				CLANG_WARN_OBJC_ROOT_CLASS = YES_ERROR;
				CLANG_WARN_RANGE_LOOP_ANALYSIS = YES;
				CLANG_WARN_STRICT_PROTOTYPES = YES;
				CLANG_WARN_SUSPICIOUS_MOVE = YES;
				CLANG_WARN_UNGUARDED_AVAILABILITY = YES_AGGRESSIVE;
				CLANG_WARN_UNREACHABLE_CODE = YES;
				CLANG_WARN__DUPLICATE_METHOD_MATCH = YES;
				CODE_SIGN_IDENTITY = "-";
				COPY_PHASE_STRIP = NO;
				DEBUG_INFORMATION_FORMAT = dwarf;
				ENABLE_STRICT_OBJC_MSGSEND = YES;
				ENABLE_TESTABILITY = YES;
				GCC_C_LANGUAGE_STANDARD = gnu11;
				GCC_DYNAMIC_NO_PIC = NO;
				GCC_NO_COMMON_BLOCKS = YES;
				GCC_OPTIMIZATION_LEVEL = 0;
				GCC_PREPROCESSOR_DEFINITIONS = (
					"DEBUG=1",
					"$(inherited)",
				);
				GCC_WARN_64_TO_32_BIT_CONVERSION = YES;
				GCC_WARN_ABOUT_RETURN_TYPE = YES_ERROR;
				GCC_WARN_UNDECLARED_SELECTOR = YES;
				GCC_WARN_UNINITIALIZED_AUTOS = YES_AGGRESSIVE;
				GCC_WARN_UNUSED_FUNCTION = YES;
				GCC_WARN_UNUSED_VARIABLE = YES;
				MACOSX_DEPLOYMENT_TARGET = 10.13;
				MTL_ENABLE_DEBUG_INFO = INCLUDE_SOURCE;
				MTL_FAST_MATH = YES;
				ONLY_ACTIVE_ARCH = YES;
				SDKROOT = macosx;
			};
			name = Debug;
		};
		C87630B221DEEA4F00086550 /* Release */ = {
			isa = XCBuildConfiguration;
			buildSettings = {
				ALWAYS_SEARCH_USER_PATHS = NO;
				CLANG_ANALYZER_NONNULL = YES;
				CLANG_ANALYZER_NUMBER_OBJECT_CONVERSION = YES_AGGRESSIVE;
				CLANG_CXX_LANGUAGE_STANDARD = "gnu++14";
				CLANG_CXX_LIBRARY = "libc++";
				CLANG_ENABLE_MODULES = YES;
				CLANG_ENABLE_OBJC_ARC = YES;
				CLANG_ENABLE_OBJC_WEAK = YES;
				CLANG_WARN_BLOCK_CAPTURE_AUTORELEASING = YES;
				CLANG_WARN_BOOL_CONVERSION = YES;
				CLANG_WARN_COMMA = YES;
				CLANG_WARN_CONSTANT_CONVERSION = YES;
				CLANG_WARN_DEPRECATED_OBJC_IMPLEMENTATIONS = YES;
				CLANG_WARN_DIRECT_OBJC_ISA_USAGE = YES_ERROR;
				CLANG_WARN_DOCUMENTATION_COMMENTS = YES;
				CLANG_WARN_EMPTY_BODY = YES;
				CLANG_WARN_ENUM_CONVERSION = YES;
				CLANG_WARN_INFINITE_RECURSION = YES;
				CLANG_WARN_INT_CONVERSION = YES;
				CLANG_WARN_NON_LITERAL_NULL_CONVERSION = YES;
				CLANG_WARN_OBJC_IMPLICIT_RETAIN_SELF = YES;
				CLANG_WARN_OBJC_LITERAL_CONVERSION = YES;
				CLANG_WARN_OBJC_ROOT_CLASS = YES_ERROR;
				CLANG_WARN_RANGE_LOOP_ANALYSIS = YES;
				CLANG_WARN_STRICT_PROTOTYPES = YES;
				CLANG_WARN_SUSPICIOUS_MOVE = YES;
				CLANG_WARN_UNGUARDED_AVAILABILITY = YES_AGGRESSIVE;
				CLANG_WARN_UNREACHABLE_CODE = YES;
				CLANG_WARN__DUPLICATE_METHOD_MATCH = YES;
				CODE_SIGN_IDENTITY = "-";
				COPY_PHASE_STRIP = NO;
				DEBUG_INFORMATION_FORMAT = "dwarf-with-dsym";
				ENABLE_NS_ASSERTIONS = NO;
				ENABLE_STRICT_OBJC_MSGSEND = YES;
				GCC_C_LANGUAGE_STANDARD = gnu11;
				GCC_NO_COMMON_BLOCKS = YES;
				GCC_WARN_64_TO_32_BIT_CONVERSION = YES;
				GCC_WARN_ABOUT_RETURN_TYPE = YES_ERROR;
				GCC_WARN_UNDECLARED_SELECTOR = YES;
				GCC_WARN_UNINITIALIZED_AUTOS = YES_AGGRESSIVE;
				GCC_WARN_UNUSED_FUNCTION = YES;
				GCC_WARN_UNUSED_VARIABLE = YES;
				MACOSX_DEPLOYMENT_TARGET = 10.13;
				MTL_ENABLE_DEBUG_INFO = NO;
				MTL_FAST_MATH = YES;
				SDKROOT = macosx;
			};
			name = Release;
		};
		C87630B421DEEA4F00086550 /* Debug */ = {
			isa = XCBuildConfiguration;
			buildSettings = {
				CODE_SIGN_STYLE = Automatic;
				HEADER_SEARCH_PATHS = "";
				OTHER_CPLUSPLUSFLAGS = "$(OTHER_CFLAGS)";
				PRODUCT_NAME = "$(TARGET_NAME)";
			};
			name = Debug;
		};
		C87630B521DEEA4F00086550 /* Release */ = {
			isa = XCBuildConfiguration;
			buildSettings = {
				CODE_SIGN_STYLE = Automatic;
				HEADER_SEARCH_PATHS = "";
				OTHER_CPLUSPLUSFLAGS = "$(OTHER_CFLAGS)";
				PRODUCT_NAME = "$(TARGET_NAME)";
			};
			name = Release;
		};
/* End XCBuildConfiguration section */

/* Begin XCConfigurationList section */
		C87630A721DEEA4F00086550 /* Build configuration list for PBXProject "A2" */ = {
			isa = XCConfigurationList;
			buildConfigurations = (
				C87630B121DEEA4F00086550 /* Debug */,
				C87630B221DEEA4F00086550 /* Release */,
			);
			defaultConfigurationIsVisible = 0;
			defaultConfigurationName = Release;
		};
		C87630B321DEEA4F00086550 /* Build configuration list for PBXNativeTarget "A2" */ = {
			isa = XCConfigurationList;
			buildConfigurations = (
				C87630B421DEEA4F00086550 /* Debug */,
				C87630B521DEEA4F00086550 /* Release */,
			);
			defaultConfigurationIsVisible = 0;
			defaultConfigurationName = Release;
		};
/* End XCConfigurationList section */
	};
	rootObject = C87630A421DEEA4F00086550 /* Project object */;
}
